{
  "lockfile_version": "1",
  "packages": {
    "awscli@latest": {
      "last_modified": "2026-01-23T17:20:52Z",
      "resolved": "github:NixOS/nixpkgs/a1bab9e494f5f4939442a57a58d0449a109593fe#awscli",
      "source": "devbox-search",
      "version": "1.42.18",
      "systems": {
        "aarch64-darwin": {
          "outputs": [
            {
              "name": "out",
              "path": "/nix/store/0swxqw8qnzjjvincg06z25ypb0vlz385-awscli-1.42.18",
              "default": true
            },
            {
              "name": "dist",
              "path": "/nix/store/ajmg23wnkigxkh9fizd6wp757k361li8-awscli-1.42.18-dist"
            }
          ],
          "store_path": "/nix/store/0swxqw8qnzjjvincg06z25ypb0vlz385-awscli-1.42.18"
        },
        "aarch64-linux": {
          "outputs": [
            {
              "name": "out",
              "path": "/nix/store/kf28w1fg69jwfmqdklcwmki6cyj1lzk4-awscli-1.42.18",
              "default": true
            },
            {
              "name": "dist",
              "path": "/nix/store/cf39w6w8vj5s36wm4q3xnilsgn9agq51-awscli-1.42.18-dist"
            }
          ],
          "store_path": "/nix/store/kf28w1fg69jwfmqdklcwmki6cyj1lzk4-awscli-1.42.18"
        },
        "x86_64-darwin": {
          "outputs": [
            {
              "name": "out",
              "path": "/nix/store/2v40fbxmw004qdc2ryab90zid1wlr4f9-awscli-1.42.18",
              "default": true
            },
            {
              "name": "dist",
              "path": "/nix/store/r9vwc29cvyy5v1p2mq3jrlb62jlzqxrh-awscli-1.42.18-dist"
            }
          ],
          "store_path": "/nix/store/2v40fbxmw004qdc2ryab90zid1wlr4f9-awscli-1.42.18"
        },
        "x86_64-linux": {
          "outputs": [
            {
              "name": "out",
              "path": "/nix/store/4jlyrzfzyq36dh0kj0zv0firm8z0v499-awscli-1.42.18",
              "default": true
            },
            {
              "name": "dist",
              "path": "/nix/store/hd16rlx3xlyf964gz40ggbw6bl6i548l-awscli-1.42.18-dist"
            }
          ],
          "store_path": "/nix/store/4jlyrzfzyq36dh0kj0zv0firm8z0v499-awscli-1.42.18"
        }
      }
    },
    "doctl@latest": {
      "last_modified": "2026-01-23T17:20:52Z",
      "resolved": "github:NixOS/nixpkgs/a1bab9e494f5f4939442a57a58d0449a109593fe#doctl",
      "source": "devbox-search",
      "version": "1.149.0",
      "systems": {
        "aarch64-darwin": {
          "outputs": [
            {
              "name": "out",
              "path": "/nix/store/zbxyviqv53h0ymxghzihs28brpasa323-doctl-1.149.0",
              "default": true
            }
          ],
          "store_path": "/nix/store/zbxyviqv53h0ymxghzihs28brpasa323-doctl-1.149.0"
        },
        "aarch64-linux": {
          "outputs": [
            {
              "name": "out",
              "path": "/nix/store/28cpqhz2mdd7d3l30snd2ny56fkd1fzk-doctl-1.149.0",
              "default": true
            }
          ],
          "store_path": "/nix/store/28cpqhz2mdd7d3l30snd2ny56fkd1fzk-doctl-1.149.0"
        },
        "x86_64-darwin": {
          "outputs": [
            {
              "name": "out",
              "path": "/nix/store/cbz0rqsjbyyc9j7hpgrp6lgdna20wxdj-doctl-1.149.0",
              "default": true
            }
          ],
          "store_path": "/nix/store/cbz0rqsjbyyc9j7hpgrp6lgdna20wxdj-doctl-1.149.0"
        },
        "x86_64-linux": {
          "outputs": [
            {
              "name": "out",
              "path": "/nix/store/1jfa37nbnmd1lzjk2l1fckgfnmigpnci-doctl-1.149.0",
              "default": true
            }
          ],
          "store_path": "/nix/store/1jfa37nbnmd1lzjk2l1fckgfnmigpnci-doctl-1.149.0"
        }
      }
    },
    "fzf@latest": {
      "last_modified": "2026-01-23T17:20:52Z",
      "resolved": "github:NixOS/nixpkgs/a1bab9e494f5f4939442a57a58d0449a109593fe#fzf",
      "source": "devbox-search",
      "version": "0.67.0",
      "systems": {
        "aarch64-darwin": {
          "outputs": [
            {
              "name": "out",
              "path": "/nix/store/fj9vnxvfa248wb0x6ybcmx3axpw77llb-fzf-0.67.0",
              "default": true
            },
            {
              "name": "man",
              "path": "/nix/store/gi5f7jyadrfnhh6vsjgiv3675hyc3ni4-fzf-0.67.0-man",
              "default": true
            }
          ],
          "store_path": "/nix/store/fj9vnxvfa248wb0x6ybcmx3axpw77llb-fzf-0.67.0"
        },
        "aarch64-linux": {
          "outputs": [
            {
              "name": "out",
              "path": "/nix/store/pqm4w4ll8wgvvaj15y9gw5ys46pc9qhx-fzf-0.67.0",
              "default": true
            },
            {
              "name": "man",
              "path": "/nix/store/y5yb7xq5687ijzqc4ydb8g17l5ycs06h-fzf-0.67.0-man",
              "default": true
            }
          ],
          "store_path": "/nix/store/pqm4w4ll8wgvvaj15y9gw5ys46pc9qhx-fzf-0.67.0"
        },
        "x86_64-darwin": {
          "outputs": [
            {
              "name": "out",
              "path": "/nix/store/09063ix98aj0ng4qyknhhj32a28kg17k-fzf-0.67.0",
              "default": true
            },
            {
              "name": "man",
              "path": "/nix/store/wd5mc4rzcms3j6dk4vq39bjl135n1l9j-fzf-0.67.0-man",
              "default": true
            }
          ],
          "store_path": "/nix/store/09063ix98aj0ng4qyknhhj32a28kg17k-fzf-0.67.0"
        },
        "x86_64-linux": {
          "outputs": [
            {
              "name": "out",
              "path": "/nix/store/98zgrv8ghd6dzqyc8qiral5vik844r17-fzf-0.67.0",
              "default": true
            },
            {
              "name": "man",
              "path": "/nix/store/0v5h7abs616jp4sq2wfcxq3ryc3vq5fl-fzf-0.67.0-man",
              "default": true
            }
          ],
          "store_path": "/nix/store/98zgrv8ghd6dzqyc8qiral5vik844r17-fzf-0.67.0"
        }
      }
    },
    "github:NixOS/nixpkgs/nixpkgs-unstable": {
      "last_modified": "2026-02-04T01:49:30Z",
      "resolved": "github:NixOS/nixpkgs/aa290c9891fa4ebe88f8889e59633d20cc06a5f2?lastModified=1770169770&narHash=sha256-awR8qIwJxJJiOmcEGgP2KUqYmHG4v%2Fz8XpL9z8FnT1A%3D"
    },
    "go-task@latest": {
      "last_modified": "2026-01-23T17:20:52Z",
      "resolved": "github:NixOS/nixpkgs/a1bab9e494f5f4939442a57a58d0449a109593fe#go-task",
      "source": "devbox-search",
      "version": "3.45.5",
      "systems": {
        "aarch64-darwin": {
          "outputs": [
            {
              "name": "out",
              "path": "/nix/store/siijbf12pnf32gx7mjixfbv9388h2wrl-go-task-3.45.5",
              "default": true
            }
          ],
          "store_path": "/nix/store/siijbf12pnf32gx7mjixfbv9388h2wrl-go-task-3.45.5"
        },
        "aarch64-linux": {
          "outputs": [
            {
              "name": "out",
              "path": "/nix/store/bz644gcz6r6z0ih6r7njxj9disqzf1z6-go-task-3.45.5",
              "default": true
            }
          ],
          "store_path": "/nix/store/bz644gcz6r6z0ih6r7njxj9disqzf1z6-go-task-3.45.5"
        },
        "x86_64-darwin": {
          "outputs": [
            {
              "name": "out",
              "path": "/nix/store/qb65b2d47v84cj48ldppv2mwnqkla52z-go-task-3.45.5",
              "default": true
            }
          ],
          "store_path": "/nix/store/qb65b2d47v84cj48ldppv2mwnqkla52z-go-task-3.45.5"
        },
        "x86_64-linux": {
          "outputs": [
            {
              "name": "out",
              "path": "/nix/store/hwhz6lp5y525yf4jr92q83n2y4swapby-go-task-3.45.5",
              "default": true
            }
          ],
          "store_path": "/nix/store/hwhz6lp5y525yf4jr92q83n2y4swapby-go-task-3.45.5"
        }
      }
    },
    "go@latest": {
      "last_modified": "2026-01-23T17:20:52Z",
      "resolved": "github:NixOS/nixpkgs/a1bab9e494f5f4939442a57a58d0449a109593fe#go",
      "source": "devbox-search",
      "version": "1.25.5",
      "systems": {
        "aarch64-darwin": {
          "outputs": [
            {
              "name": "out",
              "path": "/nix/store/wh88zz6r1ihcp2mm7ys1f2anp8aga6n2-go-1.25.5",
              "default": true
            }
          ],
          "store_path": "/nix/store/wh88zz6r1ihcp2mm7ys1f2anp8aga6n2-go-1.25.5"
        },
        "aarch64-linux": {
          "outputs": [
            {
              "name": "out",
              "path": "/nix/store/k3knzdi0v21bf2m7vcxpdy1jnqg1h0zk-go-1.25.5",
              "default": true
            }
          ],
          "store_path": "/nix/store/k3knzdi0v21bf2m7vcxpdy1jnqg1h0zk-go-1.25.5"
        },
        "x86_64-darwin": {
          "outputs": [
            {
              "name": "out",
              "path": "/nix/store/bwdahzajhqd5x14dbvkqww5f1wpsxif3-go-1.25.5",
              "default": true
            }
          ],
          "store_path": "/nix/store/bwdahzajhqd5x14dbvkqww5f1wpsxif3-go-1.25.5"
        },
        "x86_64-linux": {
          "outputs": [
            {
              "name": "out",
              "path": "/nix/store/zzvsjgylnphvhms3lgr2qlwdxmc68z66-go-1.25.5",
              "default": true
            }
          ],
          "store_path": "/nix/store/zzvsjgylnphvhms3lgr2qlwdxmc68z66-go-1.25.5"
        }
      }
    },
    "helm@latest": {
      "last_modified": "2026-01-23T17:20:52Z",
      "resolved": "github:NixOS/nixpkgs/a1bab9e494f5f4939442a57a58d0449a109593fe#helm",
      "source": "devbox-search",
      "version": "0.9.0",
      "systems": {
        "aarch64-linux": {
          "outputs": [
            {
              "name": "out",
              "path": "/nix/store/3ifdkcw0a1wmidak9973j4mcfyx7m01m-helm-0.9.0",
              "default": true
            }
          ],
          "store_path": "/nix/store/3ifdkcw0a1wmidak9973j4mcfyx7m01m-helm-0.9.0"
        },
        "x86_64-linux": {
          "outputs": [
            {
              "name": "out",
              "path": "/nix/store/86rjjid94r3rw7ljgka0v51cx47bkrzd-helm-0.9.0",
              "default": true
            }
          ],
          "store_path": "/nix/store/86rjjid94r3rw7ljgka0v51cx47bkrzd-helm-0.9.0"
        }
      }
    },
    "kind@latest": {
      "last_modified": "2026-01-23T17:20:52Z",
      "resolved": "github:NixOS/nixpkgs/a1bab9e494f5f4939442a57a58d0449a109593fe#kind",
      "source": "devbox-search",
      "version": "0.31.0",
      "systems": {
        "aarch64-darwin": {
          "outputs": [
            {
              "name": "out",
              "path": "/nix/store/jhrinvskzfygyf1zpqdldrr4s684pqpq-kind-0.31.0",
              "default": true
            }
          ],
          "store_path": "/nix/store/jhrinvskzfygyf1zpqdldrr4s684pqpq-kind-0.31.0"
        },
        "aarch64-linux": {
          "outputs": [
            {
              "name": "out",
              "path": "/nix/store/z4c4swmiyk3nrcp7glz773mlkhzay46s-kind-0.31.0",
              "default": true
            }
          ],
          "store_path": "/nix/store/z4c4swmiyk3nrcp7glz773mlkhzay46s-kind-0.31.0"
        },
        "x86_64-darwin": {
          "outputs": [
            {
              "name": "out",
              "path": "/nix/store/837blpxb5qvcslbm5s770cx8wzhm4wgv-kind-0.31.0",
              "default": true
            }
          ],
          "store_path": "/nix/store/837blpxb5qvcslbm5s770cx8wzhm4wgv-kind-0.31.0"
        },
        "x86_64-linux": {
          "outputs": [
            {
              "name": "out",
              "path": "/nix/store/y8w7xm64r76pvdycqjmi7389cv6ilh3g-kind-0.31.0",
              "default": true
            }
          ],
          "store_path": "/nix/store/y8w7xm64r76pvdycqjmi7389cv6ilh3g-kind-0.31.0"
        }
      }
    },
    "kubectl@latest": {
      "last_modified": "2026-01-23T17:20:52Z",
      "resolved": "github:NixOS/nixpkgs/a1bab9e494f5f4939442a57a58d0449a109593fe#kubectl",
      "source": "devbox-search",
      "version": "1.35.0",
      "systems": {
        "aarch64-darwin": {
          "outputs": [
            {
              "name": "out",
              "path": "/nix/store/zh9jp24f14avckd99vs54g82ws1i2qpk-kubectl-1.35.0",
              "default": true
            },
            {
              "name": "man",
              "path": "/nix/store/lzn4s3mnjmyhbfckaizm6vg5rnpshyl2-kubectl-1.35.0-man",
              "default": true
            },
            {
              "name": "convert",
              "path": "/nix/store/rb8ivxqdljfpqfrf7br9pwvgk3m7aj4k-kubectl-1.35.0-convert"
            }
          ],
          "store_path": "/nix/store/zh9jp24f14avckd99vs54g82ws1i2qpk-kubectl-1.35.0"
        },
        "aarch64-linux": {
          "outputs": [
            {
              "name": "out",
              "path": "/nix/store/h2wbgv9grql0bhrpqdab77mw1pd1zr7x-kubectl-1.35.0",
              "default": true
            },
            {
              "name": "man",
              "path": "/nix/store/b9av4ayjma48ch5wy7k85grkiigls84a-kubectl-1.35.0-man",
              "default": true
            },
            {
              "name": "convert",
              "path": "/nix/store/lbrbsz8zmyzkabn3rr5nxwn4ji0q5wl9-kubectl-1.35.0-convert"
            }
          ],
          "store_path": "/nix/store/h2wbgv9grql0bhrpqdab77mw1pd1zr7x-kubectl-1.35.0"
        },
        "x86_64-darwin": {
          "outputs": [
            {
              "name": "out",
              "path": "/nix/store/ifqhf8f32873w5ad22z5cy56y9nlfhg6-kubectl-1.35.0",
              "default": true
            },
            {
              "name": "man",
              "path": "/nix/store/q3lyh5bdcsvh827fjnnwsnjd16nf52yv-kubectl-1.35.0-man",
              "default": true
            },
            {
              "name": "convert",
              "path": "/nix/store/ycw7xcc21v9ivxqbzhgwhiyn6p0nh6am-kubectl-1.35.0-convert"
            }
          ],
          "store_path": "/nix/store/ifqhf8f32873w5ad22z5cy56y9nlfhg6-kubectl-1.35.0"
        },
        "x86_64-linux": {
          "outputs": [
            {
              "name": "out",
              "path": "/nix/store/h9v5iqki1r1h3ngfzn2y2w935rrps3vg-kubectl-1.35.0",
              "default": true
            },
            {
              "name": "man",
              "path": "/nix/store/9dna59210pqjpb2sphv2ibasn8g9k65q-kubectl-1.35.0-man",
              "default": true
            },
            {
              "name": "convert",
              "path": "/nix/store/v3szgaqs6wb69b1vnjx8q7zf03zy0hph-kubectl-1.35.0-convert"
            }
          ],
          "store_path": "/nix/store/h9v5iqki1r1h3ngfzn2y2w935rrps3vg-kubectl-1.35.0"
        }
      }
    },
    "llama-cpp@latest": {
      "last_modified": "2026-01-30T02:32:49Z",
      "resolved": "github:NixOS/nixpkgs/6308c3b21396534d8aaeac46179c14c439a89b8a#llama-cpp",
      "source": "devbox-search",
      "version": "7823",
      "systems": {
        "aarch64-darwin": {
          "outputs": [
            {
              "name": "out",
              "path": "/nix/store/plzicmkbbaj8jncf7d1si5q3mnj0r61l-llama-cpp-7823",
              "default": true
            },
            {
              "name": "dev",
              "path": "/nix/store/idyf4169zys6cd2jkgnfbm4ryl6s87ad-llama-cpp-7823-dev"
            }
          ],
          "store_path": "/nix/store/plzicmkbbaj8jncf7d1si5q3mnj0r61l-llama-cpp-7823"
        },
        "aarch64-linux": {
          "outputs": [
            {
              "name": "out",
              "path": "/nix/store/7dsv0hjqiv36mdbnqf530vsn0qgk2q9b-llama-cpp-7823",
              "default": true
            },
            {
              "name": "dev",
              "path": "/nix/store/fxv4r0k13yfcp8pymashzpykg0f8f855-llama-cpp-7823-dev"
            }
          ],
          "store_path": "/nix/store/7dsv0hjqiv36mdbnqf530vsn0qgk2q9b-llama-cpp-7823"
        },
        "x86_64-darwin": {
          "outputs": [
            {
              "name": "out",
              "path": "/nix/store/x26kjqlk04jvjk1s5x63dc50zn3y8yqg-llama-cpp-7823",
              "default": true
            },
            {
              "name": "dev",
              "path": "/nix/store/10wjl6xz3vlimmbwsg35j1rp9gxnn44d-llama-cpp-7823-dev"
            }
          ],
          "store_path": "/nix/store/x26kjqlk04jvjk1s5x63dc50zn3y8yqg-llama-cpp-7823"
        },
        "x86_64-linux": {
          "outputs": [
            {
              "name": "out",
              "path": "/nix/store/hyswpw9v0aq5yn7pqwa5nh1b6qp142wv-llama-cpp-7823",
              "default": true
            },
            {
              "name": "dev",
              "path": "/nix/store/7z11j8vfdfm521k8ygnkyxinnqlll24i-llama-cpp-7823-dev"
            }
          ],
          "store_path": "/nix/store/hyswpw9v0aq5yn7pqwa5nh1b6qp142wv-llama-cpp-7823"
        }
      }
    },
    "minikube@latest": {
      "last_modified": "2026-01-30T02:32:49Z",
      "resolved": "github:NixOS/nixpkgs/6308c3b21396534d8aaeac46179c14c439a89b8a#minikube",
      "source": "devbox-search",
      "version": "1.37.0",
      "systems": {
        "aarch64-darwin": {
          "outputs": [
            {
              "name": "out",
              "path": "/nix/store/fa63zdfrgbv2sx9qh4bdc67vxw2aacf9-minikube-1.37.0",
              "default": true
            }
          ],
          "store_path": "/nix/store/fa63zdfrgbv2sx9qh4bdc67vxw2aacf9-minikube-1.37.0"
        },
        "aarch64-linux": {
          "outputs": [
            {
              "name": "out",
              "path": "/nix/store/7wdn94nsgahby1jxn923k4s6y5xzx1q6-minikube-1.37.0",
              "default": true
            }
          ],
          "store_path": "/nix/store/7wdn94nsgahby1jxn923k4s6y5xzx1q6-minikube-1.37.0"
        },
        "x86_64-darwin": {
          "outputs": [
            {
              "name": "out",
              "path": "/nix/store/x28yfw8bmhrn017zqzm89bg8sgh054l4-minikube-1.37.0",
              "default": true
            }
          ],
          "store_path": "/nix/store/x28yfw8bmhrn017zqzm89bg8sgh054l4-minikube-1.37.0"
        },
        "x86_64-linux": {
          "outputs": [
            {
              "name": "out",
              "path": "/nix/store/6ywfvr2yjzjggbkdmzhhn5ylljnmyk47-minikube-1.37.0",
              "default": true
            }
          ],
          "store_path": "/nix/store/6ywfvr2yjzjggbkdmzhhn5ylljnmyk47-minikube-1.37.0"
        }
      }
    },
    "nodejs@latest": {
      "last_modified": "2026-01-27T15:18:14Z",
      "plugin_version": "0.0.2",
      "resolved": "github:NixOS/nixpkgs/afce96367b2e37fc29afb5543573cd49db3357b7#nodejs_25",
      "source": "devbox-search",
      "version": "25.5.0",
      "systems": {
        "aarch64-darwin": {
          "outputs": [
            {
              "name": "out",
              "path": "/nix/store/9gpwf6cqzmk6d8d04hvfcfb596c0qm7g-nodejs-25.5.0",
              "default": true
            },
            {
              "name": "dev",
              "path": "/nix/store/cvs1r525x8dywwmky594810j27fbhh9l-nodejs-25.5.0-dev"
            },
            {
              "name": "libv8",
              "path": "/nix/store/72kv2hs42wcamk3lrxrkyyfwxdhcvxpg-nodejs-25.5.0-libv8"
            }
          ],
          "store_path": "/nix/store/9gpwf6cqzmk6d8d04hvfcfb596c0qm7g-nodejs-25.5.0"
        },
        "aarch64-linux": {
          "outputs": [
            {
              "name": "out",
              "path": "/nix/store/5cx27zv2phy99xrvmryniwp28gz8nac3-nodejs-25.5.0",
              "default": true
            },
            {
              "name": "dev",
              "path": "/nix/store/60zqg91kyj07wl5h6ii4wg1gpr6kddhk-nodejs-25.5.0-dev"
            },
            {
              "name": "libv8",
              "path": "/nix/store/nngpvbb6p59r0c7ximmq3fskhq1mn8qa-nodejs-25.5.0-libv8"
            }
          ],
          "store_path": "/nix/store/5cx27zv2phy99xrvmryniwp28gz8nac3-nodejs-25.5.0"
        },
        "x86_64-darwin": {
          "outputs": [
            {
              "name": "out",
              "path": "/nix/store/nkz9f2dacg1yyr31m1av0b2awsc6akva-nodejs-25.5.0",
              "default": true
            },
            {
              "name": "dev",
              "path": "/nix/store/ssra385mmavxa4dj5wrp0z7q2pq1fkmd-nodejs-25.5.0-dev"
            },
            {
              "name": "libv8",
              "path": "/nix/store/74dzxfbsblw9d2r59k3cw0dgf5wrwsfz-nodejs-25.5.0-libv8"
            }
          ],
          "store_path": "/nix/store/nkz9f2dacg1yyr31m1av0b2awsc6akva-nodejs-25.5.0"
        },
        "x86_64-linux": {
          "outputs": [
            {
              "name": "out",
              "path": "/nix/store/b92qwjwgc2q092df0ilcjfkqf362ad7k-nodejs-25.5.0",
              "default": true
            },
            {
              "name": "dev",
              "path": "/nix/store/48dnb7kkq0qan2vikakgn6pxh7w2xar5-nodejs-25.5.0-dev"
            },
            {
              "name": "libv8",
              "path": "/nix/store/1ql92hbv6kbs3ynjhyzandv9z3z0bdrg-nodejs-25.5.0-libv8"
            }
          ],
          "store_path": "/nix/store/b92qwjwgc2q092df0ilcjfkqf362ad7k-nodejs-25.5.0"
        }
      }
    },
    "python@latest": {
      "last_modified": "2026-01-23T17:20:52Z",
      "plugin_version": "0.0.4",
      "resolved": "github:NixOS/nixpkgs/a1bab9e494f5f4939442a57a58d0449a109593fe#python314",
      "source": "devbox-search",
      "version": "3.14.2",
      "systems": {
        "aarch64-darwin": {
          "outputs": [
            {
              "name": "out",
              "path": "/nix/store/8bwmgvfcyys3kfia055ih7gask3fid7s-python3-3.14.2",
              "default": true
            }
          ],
          "store_path": "/nix/store/8bwmgvfcyys3kfia055ih7gask3fid7s-python3-3.14.2"
        },
        "aarch64-linux": {
          "outputs": [
            {
              "name": "out",
              "path": "/nix/store/9zj2a40gbfh9scynfmfs1s9wx2q01yv3-python3-3.14.2",
              "default": true
            },
            {
              "name": "debug",
              "path": "/nix/store/j8ryg1l3z8ibf9rn848y1vll0f0wcab7-python3-3.14.2-debug"
            }
          ],
          "store_path": "/nix/store/9zj2a40gbfh9scynfmfs1s9wx2q01yv3-python3-3.14.2"
        },
        "x86_64-darwin": {
          "outputs": [
            {
              "name": "out",
              "path": "/nix/store/0mnhsagxg8cp6cr9g0fz2dihw469ih8s-python3-3.14.2",
              "default": true
            }
          ],
          "store_path": "/nix/store/0mnhsagxg8cp6cr9g0fz2dihw469ih8s-python3-3.14.2"
        },
        "x86_64-linux": {
          "outputs": [
            {
              "name": "out",
              "path": "/nix/store/hd3h6gjpy7pf5himwf8sfqb3108pz5ld-python3-3.14.2",
              "default": true
            },
            {
              "name": "debug",
              "path": "/nix/store/2wvc4f32yycchbip56mlxixjm2sdzw2y-python3-3.14.2-debug"
            }
          ],
          "store_path": "/nix/store/hd3h6gjpy7pf5himwf8sfqb3108pz5ld-python3-3.14.2"
        }
      }
    },
    "terraform@latest": {
      "last_modified": "2026-01-30T02:32:49Z",
      "resolved": "github:NixOS/nixpkgs/6308c3b21396534d8aaeac46179c14c439a89b8a#terraform",
      "source": "devbox-search",
      "version": "1.14.4",
      "systems": {
        "aarch64-darwin": {
          "outputs": [
            {
              "name": "out",
              "path": "/nix/store/y4q7lr5jkhdk3yzcv7xgyndszc8hm9sy-terraform-1.14.4",
              "default": true
            }
          ],
          "store_path": "/nix/store/y4q7lr5jkhdk3yzcv7xgyndszc8hm9sy-terraform-1.14.4"
        },
        "aarch64-linux": {
          "outputs": [
            {
              "name": "out",
              "path": "/nix/store/apv0hq2impwj1ik53zh9wx0mgvxfqxv7-terraform-1.14.4",
              "default": true
            }
          ],
          "store_path": "/nix/store/apv0hq2impwj1ik53zh9wx0mgvxfqxv7-terraform-1.14.4"
        },
        "x86_64-darwin": {
          "outputs": [
            {
              "name": "out",
              "path": "/nix/store/ljr2xvpqz7ac0n5bqk01qj3i6bpnkhgc-terraform-1.14.4",
              "default": true
            }
          ],
          "store_path": "/nix/store/ljr2xvpqz7ac0n5bqk01qj3i6bpnkhgc-terraform-1.14.4"
        },
        "x86_64-linux": {
          "outputs": [
            {
              "name": "out",
              "path": "/nix/store/9nw96rdpppxfy4qzw2xnplf39p7dpmsv-terraform-1.14.4",
              "default": true
            }
          ],
          "store_path": "/nix/store/9nw96rdpppxfy4qzw2xnplf39p7dpmsv-terraform-1.14.4"
        }
      }
    },
    "yarn@latest": {
      "last_modified": "2026-01-23T17:20:52Z",
      "resolved": "github:NixOS/nixpkgs/a1bab9e494f5f4939442a57a58d0449a109593fe#yarn",
      "source": "devbox-search",
      "version": "1.22.22",
      "systems": {
        "aarch64-darwin": {
          "outputs": [
            {
              "name": "out",
              "path": "/nix/store/0cd64z50gqis8fcvcixhifd3c093gxma-yarn-1.22.22",
              "default": true
            }
          ],
          "store_path": "/nix/store/0cd64z50gqis8fcvcixhifd3c093gxma-yarn-1.22.22"
        },
        "aarch64-linux": {
          "outputs": [
            {
              "name": "out",
              "path": "/nix/store/r26rphs7kpljdnshd1nci1g5qjw0ayn2-yarn-1.22.22",
              "default": true
            }
          ],
          "store_path": "/nix/store/r26rphs7kpljdnshd1nci1g5qjw0ayn2-yarn-1.22.22"
        },
        "x86_64-darwin": {
          "outputs": [
            {
              "name": "out",
              "path": "/nix/store/n78iwihflnr0c8bf0xyhvm6nivq0yng2-yarn-1.22.22",
              "default": true
            }
          ],
          "store_path": "/nix/store/n78iwihflnr0c8bf0xyhvm6nivq0yng2-yarn-1.22.22"
        },
        "x86_64-linux": {
          "outputs": [
            {
              "name": "out",
              "path": "/nix/store/5yc7qn8vaawl2v2gqd0rv2igir9wasg3-yarn-1.22.22",
              "default": true
            }
          ],
          "store_path": "/nix/store/5yc7qn8vaawl2v2gqd0rv2igir9wasg3-yarn-1.22.22"
        }
      }
    }
  }
}
