{
  "lockfile_version": "1",
  "packages": {
    "awscli@latest": {
      "last_modified": "2026-01-23T17:20:52Z",
      "resolved": "github:NixOS/nixpkgs/a1bab9e494f5f4939442a57a58d0449a109593fe#awscli",
      "source": "devbox-search",
      "version": "1.42.18",
      "systems": {
        "aarch64-darwin": {
          "outputs": [
            {
              "name": "out",
              "path": "/nix/store/0swxqw8qnzjjvincg06z25ypb0vlz385-awscli-1.42.18",
              "default": true
            },
            {
              "name": "dist",
              "path": "/nix/store/ajmg23wnkigxkh9fizd6wp757k361li8-awscli-1.42.18-dist"
            }
          ],
          "store_path": "/nix/store/0swxqw8qnzjjvincg06z25ypb0vlz385-awscli-1.42.18"
        },
        "aarch64-linux": {
          "outputs": [
            {
              "name": "out",
              "path": "/nix/store/kf28w1fg69jwfmqdklcwmki6cyj1lzk4-awscli-1.42.18",
              "default": true
            },
            {
              "name": "dist",
              "path": "/nix/store/cf39w6w8vj5s36wm4q3xnilsgn9agq51-awscli-1.42.18-dist"
            }
          ],
          "store_path": "/nix/store/kf28w1fg69jwfmqdklcwmki6cyj1lzk4-awscli-1.42.18"
        },
        "x86_64-darwin": {
          "outputs": [
            {
              "name": "out",
              "path": "/nix/store/2v40fbxmw004qdc2ryab90zid1wlr4f9-awscli-1.42.18",
              "default": true
            },
            {
              "name": "dist",
              "path": "/nix/store/r9vwc29cvyy5v1p2mq3jrlb62jlzqxrh-awscli-1.42.18-dist"
            }
          ],
          "store_path": "/nix/store/2v40fbxmw004qdc2ryab90zid1wlr4f9-awscli-1.42.18"
        },
        "x86_64-linux": {
          "outputs": [
            {
              "name": "out",
              "path": "/nix/store/4jlyrzfzyq36dh0kj0zv0firm8z0v499-awscli-1.42.18",
              "default": true
            },
            {
              "name": "dist",
              "path": "/nix/store/hd16rlx3xlyf964gz40ggbw6bl6i548l-awscli-1.42.18-dist"
            }
          ],
          "store_path": "/nix/store/4jlyrzfzyq36dh0kj0zv0firm8z0v499-awscli-1.42.18"
        }
      }
    },
    "doctl@latest": {
      "last_modified": "2026-02-06T12:24:04Z",
      "resolved": "github:NixOS/nixpkgs/ae67888ff7ef9dff69b3cf0cc0fbfbcd3a722abe#doctl",
      "source": "devbox-search",
      "version": "1.150.0",
      "systems": {
        "aarch64-darwin": {
          "outputs": [
            {
              "name": "out",
              "path": "/nix/store/iz2pv1q2li70jd0hxy791lkh4jn3pzn5-doctl-1.150.0",
              "default": true
            }
          ],
          "store_path": "/nix/store/iz2pv1q2li70jd0hxy791lkh4jn3pzn5-doctl-1.150.0"
        },
        "aarch64-linux": {
          "outputs": [
            {
              "name": "out",
              "path": "/nix/store/a42car4mzkrq6alfddwz0vnv0vv8w14g-doctl-1.150.0",
              "default": true
            }
          ],
          "store_path": "/nix/store/a42car4mzkrq6alfddwz0vnv0vv8w14g-doctl-1.150.0"
        },
        "x86_64-darwin": {
          "outputs": [
            {
              "name": "out",
              "path": "/nix/store/4xjalq2y9jbman8a686ncdgkdfsg94fx-doctl-1.150.0",
              "default": true
            }
          ],
          "store_path": "/nix/store/4xjalq2y9jbman8a686ncdgkdfsg94fx-doctl-1.150.0"
        },
        "x86_64-linux": {
          "outputs": [
            {
              "name": "out",
              "path": "/nix/store/f2j1dhvkl1fif2d4gs6r4dn2p5l1wjys-doctl-1.150.0",
              "default": true
            }
          ],
          "store_path": "/nix/store/f2j1dhvkl1fif2d4gs6r4dn2p5l1wjys-doctl-1.150.0"
        }
      }
    },
    "fzf@latest": {
      "last_modified": "2026-01-23T17:20:52Z",
      "resolved": "github:NixOS/nixpkgs/a1bab9e494f5f4939442a57a58d0449a109593fe#fzf",
      "source": "devbox-search",
      "version": "0.67.0",
      "systems": {
        "aarch64-darwin": {
          "outputs": [
            {
              "name": "out",
              "path": "/nix/store/fj9vnxvfa248wb0x6ybcmx3axpw77llb-fzf-0.67.0",
              "default": true
            },
            {
              "name": "man",
              "path": "/nix/store/gi5f7jyadrfnhh6vsjgiv3675hyc3ni4-fzf-0.67.0-man",
              "default": true
            }
          ],
          "store_path": "/nix/store/fj9vnxvfa248wb0x6ybcmx3axpw77llb-fzf-0.67.0"
        },
        "aarch64-linux": {
          "outputs": [
            {
              "name": "out",
              "path": "/nix/store/pqm4w4ll8wgvvaj15y9gw5ys46pc9qhx-fzf-0.67.0",
              "default": true
            },
            {
              "name": "man",
              "path": "/nix/store/y5yb7xq5687ijzqc4ydb8g17l5ycs06h-fzf-0.67.0-man",
              "default": true
            }
          ],
          "store_path": "/nix/store/pqm4w4ll8wgvvaj15y9gw5ys46pc9qhx-fzf-0.67.0"
        },
        "x86_64-darwin": {
          "outputs": [
            {
              "name": "out",
              "path": "/nix/store/09063ix98aj0ng4qyknhhj32a28kg17k-fzf-0.67.0",
              "default": true
            },
            {
              "name": "man",
              "path": "/nix/store/wd5mc4rzcms3j6dk4vq39bjl135n1l9j-fzf-0.67.0-man",
              "default": true
            }
          ],
          "store_path": "/nix/store/09063ix98aj0ng4qyknhhj32a28kg17k-fzf-0.67.0"
        },
        "x86_64-linux": {
          "outputs": [
            {
              "name": "out",
              "path": "/nix/store/98zgrv8ghd6dzqyc8qiral5vik844r17-fzf-0.67.0",
              "default": true
            },
            {
              "name": "man",
              "path": "/nix/store/0v5h7abs616jp4sq2wfcxq3ryc3vq5fl-fzf-0.67.0-man",
              "default": true
            }
          ],
          "store_path": "/nix/store/98zgrv8ghd6dzqyc8qiral5vik844r17-fzf-0.67.0"
        }
      }
    },
    "github:NixOS/nixpkgs/nixpkgs-unstable": {
      "last_modified": "2026-02-15T17:45:47Z",
      "resolved": "github:NixOS/nixpkgs/ac055f38c798b0d87695240c7b761b82fc7e5bc2?lastModified=1771177547&narHash=sha256-trTtk3WTOHz7hSw89xIIvahkgoFJYQ0G43IlqprFoMA%3D"
    },
    "go-task@latest": {
      "last_modified": "2026-02-02T23:09:17Z",
      "resolved": "github:NixOS/nixpkgs/47472570b1e607482890801aeaf29bfb749884f6#go-task",
      "source": "devbox-search",
      "version": "3.48.0",
      "systems": {
        "aarch64-darwin": {
          "outputs": [
            {
              "name": "out",
              "path": "/nix/store/xcbnv9rgpbrrbjc9rhcryn29fkapyy7a-go-task-3.48.0",
              "default": true
            }
          ],
          "store_path": "/nix/store/xcbnv9rgpbrrbjc9rhcryn29fkapyy7a-go-task-3.48.0"
        },
        "aarch64-linux": {
          "outputs": [
            {
              "name": "out",
              "path": "/nix/store/ncpxzr2h6wmbw3x1rk64wbpdrdk7hnc5-go-task-3.48.0",
              "default": true
            }
          ],
          "store_path": "/nix/store/ncpxzr2h6wmbw3x1rk64wbpdrdk7hnc5-go-task-3.48.0"
        },
        "x86_64-darwin": {
          "outputs": [
            {
              "name": "out",
              "path": "/nix/store/xvrsali850p07x38l7vg337nfmy8sf4d-go-task-3.48.0",
              "default": true
            }
          ],
          "store_path": "/nix/store/xvrsali850p07x38l7vg337nfmy8sf4d-go-task-3.48.0"
        },
        "x86_64-linux": {
          "outputs": [
            {
              "name": "out",
              "path": "/nix/store/5aa1yhiq2vx8widj750xb8b7rp21xrwn-go-task-3.48.0",
              "default": true
            }
          ],
          "store_path": "/nix/store/5aa1yhiq2vx8widj750xb8b7rp21xrwn-go-task-3.48.0"
        }
      }
    },
    "go@latest": {
      "last_modified": "2026-02-11T12:16:34Z",
      "resolved": "github:NixOS/nixpkgs/8482c7ded03bae7550f3d69884f1e611e3bd19e8#go_1_26",
      "source": "devbox-search",
      "version": "1.26.0",
      "systems": {
        "aarch64-darwin": {
          "outputs": [
            {
              "name": "out",
              "path": "/nix/store/sz1ry9vf187bzdvsalla73ycxwfjv3pq-go-1.26.0",
              "default": true
            }
          ],
          "store_path": "/nix/store/sz1ry9vf187bzdvsalla73ycxwfjv3pq-go-1.26.0"
        },
        "aarch64-linux": {
          "outputs": [
            {
              "name": "out",
              "path": "/nix/store/1wl6q7df9z3p8gambi2ndp5s5igr4h61-go-1.26.0",
              "default": true
            }
          ],
          "store_path": "/nix/store/1wl6q7df9z3p8gambi2ndp5s5igr4h61-go-1.26.0"
        },
        "x86_64-darwin": {
          "outputs": [
            {
              "name": "out",
              "path": "/nix/store/r5bwcb31acswg4nirdblmz1zzkci6bj3-go-1.26.0",
              "default": true
            }
          ],
          "store_path": "/nix/store/r5bwcb31acswg4nirdblmz1zzkci6bj3-go-1.26.0"
        },
        "x86_64-linux": {
          "outputs": [
            {
              "name": "out",
              "path": "/nix/store/kgwkx0l54snkkgzbmg8cw89i1g8v1dqw-go-1.26.0",
              "default": true
            }
          ],
          "store_path": "/nix/store/kgwkx0l54snkkgzbmg8cw89i1g8v1dqw-go-1.26.0"
        }
      }
    },
    "helm@latest": {
      "last_modified": "2026-01-23T17:20:52Z",
      "resolved": "github:NixOS/nixpkgs/a1bab9e494f5f4939442a57a58d0449a109593fe#helm",
      "source": "devbox-search",
      "version": "0.9.0",
      "systems": {
        "aarch64-linux": {
          "outputs": [
            {
              "name": "out",
              "path": "/nix/store/3ifdkcw0a1wmidak9973j4mcfyx7m01m-helm-0.9.0",
              "default": true
            }
          ],
          "store_path": "/nix/store/3ifdkcw0a1wmidak9973j4mcfyx7m01m-helm-0.9.0"
        },
        "x86_64-linux": {
          "outputs": [
            {
              "name": "out",
              "path": "/nix/store/86rjjid94r3rw7ljgka0v51cx47bkrzd-helm-0.9.0",
              "default": true
            }
          ],
          "store_path": "/nix/store/86rjjid94r3rw7ljgka0v51cx47bkrzd-helm-0.9.0"
        }
      }
    },
    "kind@latest": {
      "last_modified": "2026-01-23T17:20:52Z",
      "resolved": "github:NixOS/nixpkgs/a1bab9e494f5f4939442a57a58d0449a109593fe#kind",
      "source": "devbox-search",
      "version": "0.31.0",
      "systems": {
        "aarch64-darwin": {
          "outputs": [
            {
              "name": "out",
              "path": "/nix/store/jhrinvskzfygyf1zpqdldrr4s684pqpq-kind-0.31.0",
              "default": true
            }
          ],
          "store_path": "/nix/store/jhrinvskzfygyf1zpqdldrr4s684pqpq-kind-0.31.0"
        },
        "aarch64-linux": {
          "outputs": [
            {
              "name": "out",
              "path": "/nix/store/z4c4swmiyk3nrcp7glz773mlkhzay46s-kind-0.31.0",
              "default": true
            }
          ],
          "store_path": "/nix/store/z4c4swmiyk3nrcp7glz773mlkhzay46s-kind-0.31.0"
        },
        "x86_64-darwin": {
          "outputs": [
            {
              "name": "out",
              "path": "/nix/store/837blpxb5qvcslbm5s770cx8wzhm4wgv-kind-0.31.0",
              "default": true
            }
          ],
          "store_path": "/nix/store/837blpxb5qvcslbm5s770cx8wzhm4wgv-kind-0.31.0"
        },
        "x86_64-linux": {
          "outputs": [
            {
              "name": "out",
              "path": "/nix/store/y8w7xm64r76pvdycqjmi7389cv6ilh3g-kind-0.31.0",
              "default": true
            }
          ],
          "store_path": "/nix/store/y8w7xm64r76pvdycqjmi7389cv6ilh3g-kind-0.31.0"
        }
      }
    },
    "kubectl@latest": {
      "last_modified": "2026-01-23T17:20:52Z",
      "resolved": "github:NixOS/nixpkgs/a1bab9e494f5f4939442a57a58d0449a109593fe#kubectl",
      "source": "devbox-search",
      "version": "1.35.0",
      "systems": {
        "aarch64-darwin": {
          "outputs": [
            {
              "name": "out",
              "path": "/nix/store/zh9jp24f14avckd99vs54g82ws1i2qpk-kubectl-1.35.0",
              "default": true
            },
            {
              "name": "man",
              "path": "/nix/store/lzn4s3mnjmyhbfckaizm6vg5rnpshyl2-kubectl-1.35.0-man",
              "default": true
            },
            {
              "name": "convert",
              "path": "/nix/store/rb8ivxqdljfpqfrf7br9pwvgk3m7aj4k-kubectl-1.35.0-convert"
            }
          ],
          "store_path": "/nix/store/zh9jp24f14avckd99vs54g82ws1i2qpk-kubectl-1.35.0"
        },
        "aarch64-linux": {
          "outputs": [
            {
              "name": "out",
              "path": "/nix/store/h2wbgv9grql0bhrpqdab77mw1pd1zr7x-kubectl-1.35.0",
              "default": true
            },
            {
              "name": "man",
              "path": "/nix/store/b9av4ayjma48ch5wy7k85grkiigls84a-kubectl-1.35.0-man",
              "default": true
            },
            {
              "name": "convert",
              "path": "/nix/store/lbrbsz8zmyzkabn3rr5nxwn4ji0q5wl9-kubectl-1.35.0-convert"
            }
          ],
          "store_path": "/nix/store/h2wbgv9grql0bhrpqdab77mw1pd1zr7x-kubectl-1.35.0"
        },
        "x86_64-darwin": {
          "outputs": [
            {
              "name": "out",
              "path": "/nix/store/ifqhf8f32873w5ad22z5cy56y9nlfhg6-kubectl-1.35.0",
              "default": true
            },
            {
              "name": "man",
              "path": "/nix/store/q3lyh5bdcsvh827fjnnwsnjd16nf52yv-kubectl-1.35.0-man",
              "default": true
            },
            {
              "name": "convert",
              "path": "/nix/store/ycw7xcc21v9ivxqbzhgwhiyn6p0nh6am-kubectl-1.35.0-convert"
            }
          ],
          "store_path": "/nix/store/ifqhf8f32873w5ad22z5cy56y9nlfhg6-kubectl-1.35.0"
        },
        "x86_64-linux": {
          "outputs": [
            {
              "name": "out",
              "path": "/nix/store/h9v5iqki1r1h3ngfzn2y2w935rrps3vg-kubectl-1.35.0",
              "default": true
            },
            {
              "name": "man",
              "path": "/nix/store/9dna59210pqjpb2sphv2ibasn8g9k65q-kubectl-1.35.0-man",
              "default": true
            },
            {
              "name": "convert",
              "path": "/nix/store/v3szgaqs6wb69b1vnjx8q7zf03zy0hph-kubectl-1.35.0-convert"
            }
          ],
          "store_path": "/nix/store/h9v5iqki1r1h3ngfzn2y2w935rrps3vg-kubectl-1.35.0"
        }
      }
    },
    "llama-cpp@latest": {
      "last_modified": "2026-02-01T05:13:08Z",
      "resolved": "github:NixOS/nixpkgs/207d15f1a6603226e1e223dc79ac29c7846da32e#llama-cpp",
      "source": "devbox-search",
      "version": "7898",
      "systems": {
        "aarch64-darwin": {
          "outputs": [
            {
              "name": "out",
              "path": "/nix/store/v2fcg4csw7471403m87gl7k8apj0dqcs-llama-cpp-7898",
              "default": true
            },
            {
              "name": "dev",
              "path": "/nix/store/0lfm99jdqb47fc89mvkywmz1yalmqdql-llama-cpp-7898-dev"
            }
          ],
          "store_path": "/nix/store/v2fcg4csw7471403m87gl7k8apj0dqcs-llama-cpp-7898"
        },
        "aarch64-linux": {
          "outputs": [
            {
              "name": "out",
              "path": "/nix/store/yx26za8k63pq4cr77dr1k4kb4ypc39hi-llama-cpp-7898",
              "default": true
            },
            {
              "name": "dev",
              "path": "/nix/store/pdhsh25yyr19xcsq0afbpk321lhxa2by-llama-cpp-7898-dev"
            }
          ],
          "store_path": "/nix/store/yx26za8k63pq4cr77dr1k4kb4ypc39hi-llama-cpp-7898"
        },
        "x86_64-darwin": {
          "outputs": [
            {
              "name": "out",
              "path": "/nix/store/71id793p8bp5dc6r8n78ncvv3b4gmdyp-llama-cpp-7898",
              "default": true
            },
            {
              "name": "dev",
              "path": "/nix/store/ligwlnq1i1df9bslzl80dmgysjj0shfz-llama-cpp-7898-dev"
            }
          ],
          "store_path": "/nix/store/71id793p8bp5dc6r8n78ncvv3b4gmdyp-llama-cpp-7898"
        },
        "x86_64-linux": {
          "outputs": [
            {
              "name": "out",
              "path": "/nix/store/r41x2mcfz38l82widkv1pvphrhwdglka-llama-cpp-7898",
              "default": true
            },
            {
              "name": "dev",
              "path": "/nix/store/avaq202y9ihah6z5511nzlsxcf1hx8bb-llama-cpp-7898-dev"
            }
          ],
          "store_path": "/nix/store/r41x2mcfz38l82widkv1pvphrhwdglka-llama-cpp-7898"
        }
      }
    },
    "minikube@latest": {
      "last_modified": "2026-02-11T03:47:03Z",
      "resolved": "github:NixOS/nixpkgs/c05d2232d2feaa4c7a07f1168606917402868195#minikube",
      "source": "devbox-search",
      "version": "1.38.0",
      "systems": {
        "aarch64-darwin": {
          "outputs": [
            {
              "name": "out",
              "path": "/nix/store/k0lgv5c6by10k2d813rrxzlkpkih4ma8-minikube-1.38.0",
              "default": true
            }
          ],
          "store_path": "/nix/store/k0lgv5c6by10k2d813rrxzlkpkih4ma8-minikube-1.38.0"
        },
        "aarch64-linux": {
          "outputs": [
            {
              "name": "out",
              "path": "/nix/store/r1130w8iyf90f0ih63hy4hva7f1am98g-minikube-1.38.0",
              "default": true
            }
          ],
          "store_path": "/nix/store/r1130w8iyf90f0ih63hy4hva7f1am98g-minikube-1.38.0"
        },
        "x86_64-darwin": {
          "outputs": [
            {
              "name": "out",
              "path": "/nix/store/crcp30mqnbfz1973h5g938ylxz7dg083-minikube-1.38.0",
              "default": true
            }
          ],
          "store_path": "/nix/store/crcp30mqnbfz1973h5g938ylxz7dg083-minikube-1.38.0"
        },
        "x86_64-linux": {
          "outputs": [
            {
              "name": "out",
              "path": "/nix/store/c6knfvz0iwdg5c5254rkz6vq64nmvjaq-minikube-1.38.0",
              "default": true
            }
          ],
          "store_path": "/nix/store/c6knfvz0iwdg5c5254rkz6vq64nmvjaq-minikube-1.38.0"
        }
      }
    },
    "nodejs@latest": {
      "last_modified": "2026-02-11T21:01:36Z",
      "plugin_version": "0.0.2",
      "resolved": "github:NixOS/nixpkgs/2343bbb58f99267223bc2aac4fc9ea301a155a16#nodejs_25",
      "source": "devbox-search",
      "version": "25.6.1",
      "systems": {
        "aarch64-darwin": {
          "outputs": [
            {
              "name": "out",
              "path": "/nix/store/vgk6ggp7fpcpmb2bd1cw8fa7y28dg61n-nodejs-25.6.1",
              "default": true
            },
            {
              "name": "dev",
              "path": "/nix/store/46fvwwp6azfb8jsbgjljkqxwxii965iy-nodejs-25.6.1-dev"
            },
            {
              "name": "libv8",
              "path": "/nix/store/yzs2xnyb6ifm1klkmszv7kj52zgsxqaf-nodejs-25.6.1-libv8"
            }
          ],
          "store_path": "/nix/store/vgk6ggp7fpcpmb2bd1cw8fa7y28dg61n-nodejs-25.6.1"
        },
        "aarch64-linux": {
          "outputs": [
            {
              "name": "out",
              "path": "/nix/store/20azlpkcakhg9qj3p3f4mx50wwmfpkmr-nodejs-25.6.1",
              "default": true
            },
            {
              "name": "dev",
              "path": "/nix/store/1w3y5v72hwn4ab6bfwjf6jy7c3mfhsxm-nodejs-25.6.1-dev"
            },
            {
              "name": "libv8",
              "path": "/nix/store/rkypcfxqvks4fp62fy3idhn7sb65sxyc-nodejs-25.6.1-libv8"
            }
          ],
          "store_path": "/nix/store/20azlpkcakhg9qj3p3f4mx50wwmfpkmr-nodejs-25.6.1"
        },
        "x86_64-darwin": {
          "outputs": [
            {
              "name": "out",
              "path": "/nix/store/j6q14s986fdwzbrjf5ysv7k44wqblh3k-nodejs-25.6.1",
              "default": true
            },
            {
              "name": "dev",
              "path": "/nix/store/cfk24mvg8mpwdp2x94avyjplxv9vv1bm-nodejs-25.6.1-dev"
            },
            {
              "name": "libv8",
              "path": "/nix/store/4z338draskb9qpnb5w9vzfnilr7lkmg0-nodejs-25.6.1-libv8"
            }
          ],
          "store_path": "/nix/store/j6q14s986fdwzbrjf5ysv7k44wqblh3k-nodejs-25.6.1"
        },
        "x86_64-linux": {
          "outputs": [
            {
              "name": "out",
              "path": "/nix/store/6p88z6kk9bkvy0kb994bsc3cri5dwy0w-nodejs-25.6.1",
              "default": true
            },
            {
              "name": "dev",
              "path": "/nix/store/zg703v0kdlv7ngdirphhjvvbf3lndj4i-nodejs-25.6.1-dev"
            },
            {
              "name": "libv8",
              "path": "/nix/store/f4sdxxnkc208az6z8s6jw55xrhzw49wn-nodejs-25.6.1-libv8"
            }
          ],
          "store_path": "/nix/store/6p88z6kk9bkvy0kb994bsc3cri5dwy0w-nodejs-25.6.1"
        }
      }
    },
    "python314Packages.tkinter@latest": {
      "last_modified": "2026-01-23T17:20:52Z",
      "resolved": "github:NixOS/nixpkgs/a1bab9e494f5f4939442a57a58d0449a109593fe#python314Packages.tkinter",
      "source": "devbox-search",
      "version": "3.14.2",
      "systems": {
        "aarch64-darwin": {
          "outputs": [
            {
              "name": "out",
              "path": "/nix/store/40imqv6xlx6g3ahcg2vv2iwbjh4a7p2m-python3.14-tkinter-3.14.2",
              "default": true
            },
            {
              "name": "dist",
              "path": "/nix/store/0vcgqlgi9yqyiky9c4hwyk84w3hq8hbh-python3.14-tkinter-3.14.2-dist"
            }
          ],
          "store_path": "/nix/store/40imqv6xlx6g3ahcg2vv2iwbjh4a7p2m-python3.14-tkinter-3.14.2"
        },
        "aarch64-linux": {
          "outputs": [
            {
              "name": "out",
              "path": "/nix/store/qx42d4mscpdinkzg7p1ah1vbxc64ins5-python3.14-tkinter-3.14.2",
              "default": true
            },
            {
              "name": "dist",
              "path": "/nix/store/f8vgpi3wc7cixrm7js0rf9mrxgisyk5c-python3.14-tkinter-3.14.2-dist"
            }
          ],
          "store_path": "/nix/store/qx42d4mscpdinkzg7p1ah1vbxc64ins5-python3.14-tkinter-3.14.2"
        },
        "x86_64-darwin": {
          "outputs": [
            {
              "name": "out",
              "path": "/nix/store/q1v91nh51n1b78nqjkjvmc2536lz5987-python3.14-tkinter-3.14.2",
              "default": true
            },
            {
              "name": "dist",
              "path": "/nix/store/11nb0316g342b37pmi1lqdlpkxhr54kz-python3.14-tkinter-3.14.2-dist"
            }
          ],
          "store_path": "/nix/store/q1v91nh51n1b78nqjkjvmc2536lz5987-python3.14-tkinter-3.14.2"
        },
        "x86_64-linux": {
          "outputs": [
            {
              "name": "out",
              "path": "/nix/store/73i7qnv3x7wmzdrxxks3flg030j56dil-python3.14-tkinter-3.14.2",
              "default": true
            },
            {
              "name": "dist",
              "path": "/nix/store/1dljgidb5gakpcd1y178v6jak3ipq9b1-python3.14-tkinter-3.14.2-dist"
            }
          ],
          "store_path": "/nix/store/73i7qnv3x7wmzdrxxks3flg030j56dil-python3.14-tkinter-3.14.2"
        }
      }
    },
    "python@latest": {
      "last_modified": "2026-01-23T17:20:52Z",
      "plugin_version": "0.0.4",
      "resolved": "github:NixOS/nixpkgs/a1bab9e494f5f4939442a57a58d0449a109593fe#python314",
      "source": "devbox-search",
      "version": "3.14.2",
      "systems": {
        "aarch64-darwin": {
          "outputs": [
            {
              "name": "out",
              "path": "/nix/store/8bwmgvfcyys3kfia055ih7gask3fid7s-python3-3.14.2",
              "default": true
            }
          ],
          "store_path": "/nix/store/8bwmgvfcyys3kfia055ih7gask3fid7s-python3-3.14.2"
        },
        "aarch64-linux": {
          "outputs": [
            {
              "name": "out",
              "path": "/nix/store/9zj2a40gbfh9scynfmfs1s9wx2q01yv3-python3-3.14.2",
              "default": true
            },
            {
              "name": "debug",
              "path": "/nix/store/j8ryg1l3z8ibf9rn848y1vll0f0wcab7-python3-3.14.2-debug"
            }
          ],
          "store_path": "/nix/store/9zj2a40gbfh9scynfmfs1s9wx2q01yv3-python3-3.14.2"
        },
        "x86_64-darwin": {
          "outputs": [
            {
              "name": "out",
              "path": "/nix/store/0mnhsagxg8cp6cr9g0fz2dihw469ih8s-python3-3.14.2",
              "default": true
            }
          ],
          "store_path": "/nix/store/0mnhsagxg8cp6cr9g0fz2dihw469ih8s-python3-3.14.2"
        },
        "x86_64-linux": {
          "outputs": [
            {
              "name": "out",
              "path": "/nix/store/hd3h6gjpy7pf5himwf8sfqb3108pz5ld-python3-3.14.2",
              "default": true
            },
            {
              "name": "debug",
              "path": "/nix/store/2wvc4f32yycchbip56mlxixjm2sdzw2y-python3-3.14.2-debug"
            }
          ],
          "store_path": "/nix/store/hd3h6gjpy7pf5himwf8sfqb3108pz5ld-python3-3.14.2"
        }
      }
    },
    "tcl@latest": {
      "last_modified": "2026-01-23T17:20:52Z",
      "resolved": "github:NixOS/nixpkgs/a1bab9e494f5f4939442a57a58d0449a109593fe#tcl",
      "source": "devbox-search",
      "version": "8.6.16",
      "systems": {
        "aarch64-darwin": {
          "outputs": [
            {
              "name": "out",
              "path": "/nix/store/4jshib10h3q7ja6mamj6x129k1984bvf-tcl-8.6.16",
              "default": true
            },
            {
              "name": "man",
              "path": "/nix/store/g0s4znn75h4mbmwa81yfvlnmdfgzaci1-tcl-8.6.16-man",
              "default": true
            }
          ],
          "store_path": "/nix/store/4jshib10h3q7ja6mamj6x129k1984bvf-tcl-8.6.16"
        },
        "aarch64-linux": {
          "outputs": [
            {
              "name": "out",
              "path": "/nix/store/ri193c17fwir7982l4pjfj0slgk6amwi-tcl-8.6.16",
              "default": true
            },
            {
              "name": "man",
              "path": "/nix/store/qsn1x6dg4hc67c12n9dbzx51qav9hcl7-tcl-8.6.16-man",
              "default": true
            }
          ],
          "store_path": "/nix/store/ri193c17fwir7982l4pjfj0slgk6amwi-tcl-8.6.16"
        },
        "x86_64-darwin": {
          "outputs": [
            {
              "name": "out",
              "path": "/nix/store/pbdbca2cixg4v7y6daf6l8avyd8anr8d-tcl-8.6.16",
              "default": true
            },
            {
              "name": "man",
              "path": "/nix/store/asigwgh9zfi02rgr7kzf4skh9mv80iig-tcl-8.6.16-man",
              "default": true
            }
          ],
          "store_path": "/nix/store/pbdbca2cixg4v7y6daf6l8avyd8anr8d-tcl-8.6.16"
        },
        "x86_64-linux": {
          "outputs": [
            {
              "name": "out",
              "path": "/nix/store/bm9kfmhbvxyr7axhn8qsianz38ck9gkf-tcl-8.6.16",
              "default": true
            },
            {
              "name": "man",
              "path": "/nix/store/qbhhhrwmkg3kzarrl7wsxmbnk55ysjqx-tcl-8.6.16-man",
              "default": true
            }
          ],
          "store_path": "/nix/store/bm9kfmhbvxyr7axhn8qsianz38ck9gkf-tcl-8.6.16"
        }
      }
    },
    "terraform@latest": {
      "last_modified": "2026-01-30T02:32:49Z",
      "resolved": "github:NixOS/nixpkgs/6308c3b21396534d8aaeac46179c14c439a89b8a#terraform",
      "source": "devbox-search",
      "version": "1.14.4",
      "systems": {
        "aarch64-darwin": {
          "outputs": [
            {
              "name": "out",
              "path": "/nix/store/y4q7lr5jkhdk3yzcv7xgyndszc8hm9sy-terraform-1.14.4",
              "default": true
            }
          ],
          "store_path": "/nix/store/y4q7lr5jkhdk3yzcv7xgyndszc8hm9sy-terraform-1.14.4"
        },
        "aarch64-linux": {
          "outputs": [
            {
              "name": "out",
              "path": "/nix/store/apv0hq2impwj1ik53zh9wx0mgvxfqxv7-terraform-1.14.4",
              "default": true
            }
          ],
          "store_path": "/nix/store/apv0hq2impwj1ik53zh9wx0mgvxfqxv7-terraform-1.14.4"
        },
        "x86_64-darwin": {
          "outputs": [
            {
              "name": "out",
              "path": "/nix/store/ljr2xvpqz7ac0n5bqk01qj3i6bpnkhgc-terraform-1.14.4",
              "default": true
            }
          ],
          "store_path": "/nix/store/ljr2xvpqz7ac0n5bqk01qj3i6bpnkhgc-terraform-1.14.4"
        },
        "x86_64-linux": {
          "outputs": [
            {
              "name": "out",
              "path": "/nix/store/9nw96rdpppxfy4qzw2xnplf39p7dpmsv-terraform-1.14.4",
              "default": true
            }
          ],
          "store_path": "/nix/store/9nw96rdpppxfy4qzw2xnplf39p7dpmsv-terraform-1.14.4"
        }
      }
    },
    "tk@latest": {
      "last_modified": "2024-10-13T23:44:06Z",
      "resolved": "github:NixOS/nixpkgs/d4f247e89f6e10120f911e2e2d2254a050d0f732#tk",
      "source": "devbox-search",
      "version": "8.6.13",
      "systems": {
        "aarch64-darwin": {
          "outputs": [
            {
              "name": "out",
              "path": "/nix/store/wn7xfm2arinx1mwij636nqfryrsa017v-tk-8.6.13",
              "default": true
            },
            {
              "name": "man",
              "path": "/nix/store/m0cg4nalng7v8vf084fc3d3ivaid32hy-tk-8.6.13-man",
              "default": true
            },
            {
              "name": "dev",
              "path": "/nix/store/9whg7k1li51ks1xjc98np2db99zq7q5k-tk-8.6.13-dev"
            }
          ],
          "store_path": "/nix/store/wn7xfm2arinx1mwij636nqfryrsa017v-tk-8.6.13"
        },
        "aarch64-linux": {
          "outputs": [
            {
              "name": "out",
              "path": "/nix/store/cv0pmakpb07magc5zp0izd6cb2qyvd6l-tk-8.6.13",
              "default": true
            },
            {
              "name": "man",
              "path": "/nix/store/xir55194wi3f3by5a7y0p1milnr77cpl-tk-8.6.13-man",
              "default": true
            },
            {
              "name": "dev",
              "path": "/nix/store/aqwf657ravmf2k2wdbavi2p94xgm5q08-tk-8.6.13-dev"
            }
          ],
          "store_path": "/nix/store/cv0pmakpb07magc5zp0izd6cb2qyvd6l-tk-8.6.13"
        },
        "x86_64-darwin": {
          "outputs": [
            {
              "name": "out",
              "path": "/nix/store/qbm5gbbgr73n7jjkhpzp7yr00fid6jph-tk-8.6.13",
              "default": true
            },
            {
              "name": "man",
              "path": "/nix/store/czmdnpa8qrzv53c6fyzn6p2jnx1d7wi2-tk-8.6.13-man",
              "default": true
            },
            {
              "name": "dev",
              "path": "/nix/store/pfm2xjxb8ly1sjv8bzhpja374gfm25cq-tk-8.6.13-dev"
            }
          ],
          "store_path": "/nix/store/qbm5gbbgr73n7jjkhpzp7yr00fid6jph-tk-8.6.13"
        },
        "x86_64-linux": {
          "outputs": [
            {
              "name": "out",
              "path": "/nix/store/mwsk5z9zmymhin4303rd3dy6wqxxambh-tk-8.6.13",
              "default": true
            },
            {
              "name": "man",
              "path": "/nix/store/2lfl020l5pqnjamlfm1k1z067j38pc2a-tk-8.6.13-man",
              "default": true
            },
            {
              "name": "dev",
              "path": "/nix/store/xi88zxs0ar2bh0j99qm5r5ka542n8vdf-tk-8.6.13-dev"
            }
          ],
          "store_path": "/nix/store/mwsk5z9zmymhin4303rd3dy6wqxxambh-tk-8.6.13"
        }
      }
    },
    "uv@latest": {
      "last_modified": "2026-02-11T12:16:34Z",
      "resolved": "github:NixOS/nixpkgs/8482c7ded03bae7550f3d69884f1e611e3bd19e8#uv",
      "source": "devbox-search",
      "version": "0.10.2",
      "systems": {
        "aarch64-darwin": {
          "outputs": [
            {
              "name": "out",
              "path": "/nix/store/3vhsffs1rr2vn84f41z8vm3lmya12ig3-uv-0.10.2",
              "default": true
            }
          ],
          "store_path": "/nix/store/3vhsffs1rr2vn84f41z8vm3lmya12ig3-uv-0.10.2"
        },
        "aarch64-linux": {
          "outputs": [
            {
              "name": "out",
              "path": "/nix/store/f7nhvja5sbfcgjcfpwd4zmdzl7f5m2h2-uv-0.10.2",
              "default": true
            }
          ],
          "store_path": "/nix/store/f7nhvja5sbfcgjcfpwd4zmdzl7f5m2h2-uv-0.10.2"
        },
        "x86_64-darwin": {
          "outputs": [
            {
              "name": "out",
              "path": "/nix/store/l4skdwvihbzynnihi5l44c38xcw3xaxh-uv-0.10.2",
              "default": true
            }
          ],
          "store_path": "/nix/store/l4skdwvihbzynnihi5l44c38xcw3xaxh-uv-0.10.2"
        },
        "x86_64-linux": {
          "outputs": [
            {
              "name": "out",
              "path": "/nix/store/ksi4jmfapiqnk1lclzlf2hrdj6s1rzjs-uv-0.10.2",
              "default": true
            }
          ],
          "store_path": "/nix/store/ksi4jmfapiqnk1lclzlf2hrdj6s1rzjs-uv-0.10.2"
        }
      }
    },
    "yarn@latest": {
      "last_modified": "2026-01-23T17:20:52Z",
      "resolved": "github:NixOS/nixpkgs/a1bab9e494f5f4939442a57a58d0449a109593fe#yarn",
      "source": "devbox-search",
      "version": "1.22.22",
      "systems": {
        "aarch64-darwin": {
          "outputs": [
            {
              "name": "out",
              "path": "/nix/store/0cd64z50gqis8fcvcixhifd3c093gxma-yarn-1.22.22",
              "default": true
            }
          ],
          "store_path": "/nix/store/0cd64z50gqis8fcvcixhifd3c093gxma-yarn-1.22.22"
        },
        "aarch64-linux": {
          "outputs": [
            {
              "name": "out",
              "path": "/nix/store/r26rphs7kpljdnshd1nci1g5qjw0ayn2-yarn-1.22.22",
              "default": true
            }
          ],
          "store_path": "/nix/store/r26rphs7kpljdnshd1nci1g5qjw0ayn2-yarn-1.22.22"
        },
        "x86_64-darwin": {
          "outputs": [
            {
              "name": "out",
              "path": "/nix/store/n78iwihflnr0c8bf0xyhvm6nivq0yng2-yarn-1.22.22",
              "default": true
            }
          ],
          "store_path": "/nix/store/n78iwihflnr0c8bf0xyhvm6nivq0yng2-yarn-1.22.22"
        },
        "x86_64-linux": {
          "outputs": [
            {
              "name": "out",
              "path": "/nix/store/5yc7qn8vaawl2v2gqd0rv2igir9wasg3-yarn-1.22.22",
              "default": true
            }
          ],
          "store_path": "/nix/store/5yc7qn8vaawl2v2gqd0rv2igir9wasg3-yarn-1.22.22"
        }
      }
    }
  }
}
