{
  "lockfile_version": "1",
  "packages": {
    "awscli@latest": {
      "last_modified": "2026-01-23T17:20:52Z",
      "resolved": "github:NixOS/nixpkgs/a1bab9e494f5f4939442a57a58d0449a109593fe#awscli",
      "source": "devbox-search",
      "version": "1.42.18",
      "systems": {
        "aarch64-darwin": {
          "outputs": [
            {
              "name": "out",
              "path": "/nix/store/0swxqw8qnzjjvincg06z25ypb0vlz385-awscli-1.42.18",
              "default": true
            },
            {
              "name": "dist",
              "path": "/nix/store/ajmg23wnkigxkh9fizd6wp757k361li8-awscli-1.42.18-dist"
            }
          ],
          "store_path": "/nix/store/0swxqw8qnzjjvincg06z25ypb0vlz385-awscli-1.42.18"
        },
        "aarch64-linux": {
          "outputs": [
            {
              "name": "out",
              "path": "/nix/store/kf28w1fg69jwfmqdklcwmki6cyj1lzk4-awscli-1.42.18",
              "default": true
            },
            {
              "name": "dist",
              "path": "/nix/store/cf39w6w8vj5s36wm4q3xnilsgn9agq51-awscli-1.42.18-dist"
            }
          ],
          "store_path": "/nix/store/kf28w1fg69jwfmqdklcwmki6cyj1lzk4-awscli-1.42.18"
        },
        "x86_64-darwin": {
          "outputs": [
            {
              "name": "out",
              "path": "/nix/store/2v40fbxmw004qdc2ryab90zid1wlr4f9-awscli-1.42.18",
              "default": true
            },
            {
              "name": "dist",
              "path": "/nix/store/r9vwc29cvyy5v1p2mq3jrlb62jlzqxrh-awscli-1.42.18-dist"
            }
          ],
          "store_path": "/nix/store/2v40fbxmw004qdc2ryab90zid1wlr4f9-awscli-1.42.18"
        },
        "x86_64-linux": {
          "outputs": [
            {
              "name": "out",
              "path": "/nix/store/4jlyrzfzyq36dh0kj0zv0firm8z0v499-awscli-1.42.18",
              "default": true
            },
            {
              "name": "dist",
              "path": "/nix/store/hd16rlx3xlyf964gz40ggbw6bl6i548l-awscli-1.42.18-dist"
            }
          ],
          "store_path": "/nix/store/4jlyrzfzyq36dh0kj0zv0firm8z0v499-awscli-1.42.18"
        }
      }
    },
    "doctl@latest": {
      "last_modified": "2026-02-06T12:24:04Z",
      "resolved": "github:NixOS/nixpkgs/ae67888ff7ef9dff69b3cf0cc0fbfbcd3a722abe#doctl",
      "source": "devbox-search",
      "version": "1.150.0",
      "systems": {
        "aarch64-darwin": {
          "outputs": [
            {
              "name": "out",
              "path": "/nix/store/iz2pv1q2li70jd0hxy791lkh4jn3pzn5-doctl-1.150.0",
              "default": true
            }
          ],
          "store_path": "/nix/store/iz2pv1q2li70jd0hxy791lkh4jn3pzn5-doctl-1.150.0"
        },
        "aarch64-linux": {
          "outputs": [
            {
              "name": "out",
              "path": "/nix/store/a42car4mzkrq6alfddwz0vnv0vv8w14g-doctl-1.150.0",
              "default": true
            }
          ],
          "store_path": "/nix/store/a42car4mzkrq6alfddwz0vnv0vv8w14g-doctl-1.150.0"
        },
        "x86_64-darwin": {
          "outputs": [
            {
              "name": "out",
              "path": "/nix/store/4xjalq2y9jbman8a686ncdgkdfsg94fx-doctl-1.150.0",
              "default": true
            }
          ],
          "store_path": "/nix/store/4xjalq2y9jbman8a686ncdgkdfsg94fx-doctl-1.150.0"
        },
        "x86_64-linux": {
          "outputs": [
            {
              "name": "out",
              "path": "/nix/store/f2j1dhvkl1fif2d4gs6r4dn2p5l1wjys-doctl-1.150.0",
              "default": true
            }
          ],
          "store_path": "/nix/store/f2j1dhvkl1fif2d4gs6r4dn2p5l1wjys-doctl-1.150.0"
        }
      }
    },
    "fzf@latest": {
      "last_modified": "2026-01-23T17:20:52Z",
      "resolved": "github:NixOS/nixpkgs/a1bab9e494f5f4939442a57a58d0449a109593fe#fzf",
      "source": "devbox-search",
      "version": "0.67.0",
      "systems": {
        "aarch64-darwin": {
          "outputs": [
            {
              "name": "out",
              "path": "/nix/store/fj9vnxvfa248wb0x6ybcmx3axpw77llb-fzf-0.67.0",
              "default": true
            },
            {
              "name": "man",
              "path": "/nix/store/gi5f7jyadrfnhh6vsjgiv3675hyc3ni4-fzf-0.67.0-man",
              "default": true
            }
          ],
          "store_path": "/nix/store/fj9vnxvfa248wb0x6ybcmx3axpw77llb-fzf-0.67.0"
        },
        "aarch64-linux": {
          "outputs": [
            {
              "name": "out",
              "path": "/nix/store/pqm4w4ll8wgvvaj15y9gw5ys46pc9qhx-fzf-0.67.0",
              "default": true
            },
            {
              "name": "man",
              "path": "/nix/store/y5yb7xq5687ijzqc4ydb8g17l5ycs06h-fzf-0.67.0-man",
              "default": true
            }
          ],
          "store_path": "/nix/store/pqm4w4ll8wgvvaj15y9gw5ys46pc9qhx-fzf-0.67.0"
        },
        "x86_64-darwin": {
          "outputs": [
            {
              "name": "out",
              "path": "/nix/store/09063ix98aj0ng4qyknhhj32a28kg17k-fzf-0.67.0",
              "default": true
            },
            {
              "name": "man",
              "path": "/nix/store/wd5mc4rzcms3j6dk4vq39bjl135n1l9j-fzf-0.67.0-man",
              "default": true
            }
          ],
          "store_path": "/nix/store/09063ix98aj0ng4qyknhhj32a28kg17k-fzf-0.67.0"
        },
        "x86_64-linux": {
          "outputs": [
            {
              "name": "out",
              "path": "/nix/store/98zgrv8ghd6dzqyc8qiral5vik844r17-fzf-0.67.0",
              "default": true
            },
            {
              "name": "man",
              "path": "/nix/store/0v5h7abs616jp4sq2wfcxq3ryc3vq5fl-fzf-0.67.0-man",
              "default": true
            }
          ],
          "store_path": "/nix/store/98zgrv8ghd6dzqyc8qiral5vik844r17-fzf-0.67.0"
        }
      }
    },
    "github:NixOS/nixpkgs/nixpkgs-unstable": {
      "last_modified": "2026-02-15T17:45:47Z",
      "resolved": "github:NixOS/nixpkgs/ac055f38c798b0d87695240c7b761b82fc7e5bc2?lastModified=1771177547&narHash=sha256-trTtk3WTOHz7hSw89xIIvahkgoFJYQ0G43IlqprFoMA%3D"
    },
    "go-task@latest": {
      "last_modified": "2026-02-02T23:09:17Z",
      "resolved": "github:NixOS/nixpkgs/47472570b1e607482890801aeaf29bfb749884f6#go-task",
      "source": "devbox-search",
      "version": "3.48.0",
      "systems": {
        "aarch64-darwin": {
          "outputs": [
            {
              "name": "out",
              "path": "/nix/store/xcbnv9rgpbrrbjc9rhcryn29fkapyy7a-go-task-3.48.0",
              "default": true
            }
          ],
          "store_path": "/nix/store/xcbnv9rgpbrrbjc9rhcryn29fkapyy7a-go-task-3.48.0"
        },
        "aarch64-linux": {
          "outputs": [
            {
              "name": "out",
              "path": "/nix/store/ncpxzr2h6wmbw3x1rk64wbpdrdk7hnc5-go-task-3.48.0",
              "default": true
            }
          ],
          "store_path": "/nix/store/ncpxzr2h6wmbw3x1rk64wbpdrdk7hnc5-go-task-3.48.0"
        },
        "x86_64-darwin": {
          "outputs": [
            {
              "name": "out",
              "path": "/nix/store/xvrsali850p07x38l7vg337nfmy8sf4d-go-task-3.48.0",
              "default": true
            }
          ],
          "store_path": "/nix/store/xvrsali850p07x38l7vg337nfmy8sf4d-go-task-3.48.0"
        },
        "x86_64-linux": {
          "outputs": [
            {
              "name": "out",
              "path": "/nix/store/5aa1yhiq2vx8widj750xb8b7rp21xrwn-go-task-3.48.0",
              "default": true
            }
          ],
          "store_path": "/nix/store/5aa1yhiq2vx8widj750xb8b7rp21xrwn-go-task-3.48.0"
        }
      }
    },
    "go@latest": {
      "last_modified": "2026-02-11T12:16:34Z",
      "resolved": "github:NixOS/nixpkgs/8482c7ded03bae7550f3d69884f1e611e3bd19e8#go_1_26",
      "source": "devbox-search",
      "version": "1.26.0",
      "systems": {
        "aarch64-darwin": {
          "outputs": [
            {
              "name": "out",
              "path": "/nix/store/sz1ry9vf187bzdvsalla73ycxwfjv3pq-go-1.26.0",
              "default": true
            }
          ],
          "store_path": "/nix/store/sz1ry9vf187bzdvsalla73ycxwfjv3pq-go-1.26.0"
        },
        "aarch64-linux": {
          "outputs": [
            {
              "name": "out",
              "path": "/nix/store/1wl6q7df9z3p8gambi2ndp5s5igr4h61-go-1.26.0",
              "default": true
            }
          ],
          "store_path": "/nix/store/1wl6q7df9z3p8gambi2ndp5s5igr4h61-go-1.26.0"
        },
        "x86_64-darwin": {
          "outputs": [
            {
              "name": "out",
              "path": "/nix/store/r5bwcb31acswg4nirdblmz1zzkci6bj3-go-1.26.0",
              "default": true
            }
          ],
          "store_path": "/nix/store/r5bwcb31acswg4nirdblmz1zzkci6bj3-go-1.26.0"
        },
        "x86_64-linux": {
          "outputs": [
            {
              "name": "out",
              "path": "/nix/store/kgwkx0l54snkkgzbmg8cw89i1g8v1dqw-go-1.26.0",
              "default": true
            }
          ],
          "store_path": "/nix/store/kgwkx0l54snkkgzbmg8cw89i1g8v1dqw-go-1.26.0"
        }
      }
    },
    "kind@latest": {
      "last_modified": "2026-01-23T17:20:52Z",
      "resolved": "github:NixOS/nixpkgs/a1bab9e494f5f4939442a57a58d0449a109593fe#kind",
      "source": "devbox-search",
      "version": "0.31.0",
      "systems": {
        "aarch64-darwin": {
          "outputs": [
            {
              "name": "out",
              "path": "/nix/store/jhrinvskzfygyf1zpqdldrr4s684pqpq-kind-0.31.0",
              "default": true
            }
          ],
          "store_path": "/nix/store/jhrinvskzfygyf1zpqdldrr4s684pqpq-kind-0.31.0"
        },
        "aarch64-linux": {
          "outputs": [
            {
              "name": "out",
              "path": "/nix/store/z4c4swmiyk3nrcp7glz773mlkhzay46s-kind-0.31.0",
              "default": true
            }
          ],
          "store_path": "/nix/store/z4c4swmiyk3nrcp7glz773mlkhzay46s-kind-0.31.0"
        },
        "x86_64-darwin": {
          "outputs": [
            {
              "name": "out",
              "path": "/nix/store/837blpxb5qvcslbm5s770cx8wzhm4wgv-kind-0.31.0",
              "default": true
            }
          ],
          "store_path": "/nix/store/837blpxb5qvcslbm5s770cx8wzhm4wgv-kind-0.31.0"
        },
        "x86_64-linux": {
          "outputs": [
            {
              "name": "out",
              "path": "/nix/store/y8w7xm64r76pvdycqjmi7389cv6ilh3g-kind-0.31.0",
              "default": true
            }
          ],
          "store_path": "/nix/store/y8w7xm64r76pvdycqjmi7389cv6ilh3g-kind-0.31.0"
        }
      }
    },
    "kubectl@latest": {
      "last_modified": "2026-01-23T17:20:52Z",
      "resolved": "github:NixOS/nixpkgs/a1bab9e494f5f4939442a57a58d0449a109593fe#kubectl",
      "source": "devbox-search",
      "version": "1.35.0",
      "systems": {
        "aarch64-darwin": {
          "outputs": [
            {
              "name": "out",
              "path": "/nix/store/zh9jp24f14avckd99vs54g82ws1i2qpk-kubectl-1.35.0",
              "default": true
            },
            {
              "name": "man",
              "path": "/nix/store/lzn4s3mnjmyhbfckaizm6vg5rnpshyl2-kubectl-1.35.0-man",
              "default": true
            },
            {
              "name": "convert",
              "path": "/nix/store/rb8ivxqdljfpqfrf7br9pwvgk3m7aj4k-kubectl-1.35.0-convert"
            }
          ],
          "store_path": "/nix/store/zh9jp24f14avckd99vs54g82ws1i2qpk-kubectl-1.35.0"
        },
        "aarch64-linux": {
          "outputs": [
            {
              "name": "out",
              "path": "/nix/store/h2wbgv9grql0bhrpqdab77mw1pd1zr7x-kubectl-1.35.0",
              "default": true
            },
            {
              "name": "man",
              "path": "/nix/store/b9av4ayjma48ch5wy7k85grkiigls84a-kubectl-1.35.0-man",
              "default": true
            },
            {
              "name": "convert",
              "path": "/nix/store/lbrbsz8zmyzkabn3rr5nxwn4ji0q5wl9-kubectl-1.35.0-convert"
            }
          ],
          "store_path": "/nix/store/h2wbgv9grql0bhrpqdab77mw1pd1zr7x-kubectl-1.35.0"
        },
        "x86_64-darwin": {
          "outputs": [
            {
              "name": "out",
              "path": "/nix/store/ifqhf8f32873w5ad22z5cy56y9nlfhg6-kubectl-1.35.0",
              "default": true
            },
            {
              "name": "man",
              "path": "/nix/store/q3lyh5bdcsvh827fjnnwsnjd16nf52yv-kubectl-1.35.0-man",
              "default": true
            },
            {
              "name": "convert",
              "path": "/nix/store/ycw7xcc21v9ivxqbzhgwhiyn6p0nh6am-kubectl-1.35.0-convert"
            }
          ],
          "store_path": "/nix/store/ifqhf8f32873w5ad22z5cy56y9nlfhg6-kubectl-1.35.0"
        },
        "x86_64-linux": {
          "outputs": [
            {
              "name": "out",
              "path": "/nix/store/h9v5iqki1r1h3ngfzn2y2w935rrps3vg-kubectl-1.35.0",
              "default": true
            },
            {
              "name": "man",
              "path": "/nix/store/9dna59210pqjpb2sphv2ibasn8g9k65q-kubectl-1.35.0-man",
              "default": true
            },
            {
              "name": "convert",
              "path": "/nix/store/v3szgaqs6wb69b1vnjx8q7zf03zy0hph-kubectl-1.35.0-convert"
            }
          ],
          "store_path": "/nix/store/h9v5iqki1r1h3ngfzn2y2w935rrps3vg-kubectl-1.35.0"
        }
      }
    },
    "kubernetes-helm@latest": {
      "last_modified": "2026-01-23T17:20:52Z",
      "resolved": "github:NixOS/nixpkgs/a1bab9e494f5f4939442a57a58d0449a109593fe#kubernetes-helm",
      "source": "devbox-search",
      "version": "3.19.1",
      "systems": {
        "aarch64-darwin": {
          "outputs": [
            {
              "name": "out",
              "path": "/nix/store/gw5jvq4r17iqh751g7v71svxb3ncq7si-kubernetes-helm-3.19.1",
              "default": true
            }
          ],
          "store_path": "/nix/store/gw5jvq4r17iqh751g7v71svxb3ncq7si-kubernetes-helm-3.19.1"
        },
        "aarch64-linux": {
          "outputs": [
            {
              "name": "out",
              "path": "/nix/store/j1fh4wfj0b1dk87q0irz73k8gcqhr2ak-kubernetes-helm-3.19.1",
              "default": true
            }
          ],
          "store_path": "/nix/store/j1fh4wfj0b1dk87q0irz73k8gcqhr2ak-kubernetes-helm-3.19.1"
        },
        "x86_64-darwin": {
          "outputs": [
            {
              "name": "out",
              "path": "/nix/store/9g0nwl9nrf2rjs4kgz6yclr335jdq1r5-kubernetes-helm-3.19.1",
              "default": true
            }
          ],
          "store_path": "/nix/store/9g0nwl9nrf2rjs4kgz6yclr335jdq1r5-kubernetes-helm-3.19.1"
        },
        "x86_64-linux": {
          "outputs": [
            {
              "name": "out",
              "path": "/nix/store/n4np4p37d3k0nw0h4v9vvyrk8hj0qly0-kubernetes-helm-3.19.1",
              "default": true
            }
          ],
          "store_path": "/nix/store/n4np4p37d3k0nw0h4v9vvyrk8hj0qly0-kubernetes-helm-3.19.1"
        }
      }
    },
    "llama-cpp@latest": {
      "last_modified": "2026-02-15T09:18:18Z",
      "resolved": "github:NixOS/nixpkgs/e3cb16bccd9facebae3ba29c6a76a4cc1b73462a#llama-cpp",
      "source": "devbox-search",
      "version": "8054",
      "systems": {
        "aarch64-darwin": {
          "outputs": [
            {
              "name": "out",
              "path": "/nix/store/rlhhr3dl8ddai1y601zv3mh5ny2rw0r9-llama-cpp-8054",
              "default": true
            },
            {
              "name": "dev",
              "path": "/nix/store/aw1v1izpglrjrhxcndv0hh06dzfvmjkj-llama-cpp-8054-dev"
            }
          ],
          "store_path": "/nix/store/rlhhr3dl8ddai1y601zv3mh5ny2rw0r9-llama-cpp-8054"
        },
        "aarch64-linux": {
          "outputs": [
            {
              "name": "out",
              "path": "/nix/store/w6lsn3870nhf0lbkc5xrarfrchqhpf4c-llama-cpp-8054",
              "default": true
            },
            {
              "name": "dev",
              "path": "/nix/store/1zm8zpnv0wpyv613mjj5kay9pfa06nm2-llama-cpp-8054-dev"
            }
          ],
          "store_path": "/nix/store/w6lsn3870nhf0lbkc5xrarfrchqhpf4c-llama-cpp-8054"
        },
        "x86_64-darwin": {
          "outputs": [
            {
              "name": "out",
              "path": "/nix/store/nvl2h7ncfhyh6rch35l015z0pmld7qg9-llama-cpp-8054",
              "default": true
            },
            {
              "name": "dev",
              "path": "/nix/store/70llqny6scpk9vbz8in4flbwc8ckxy00-llama-cpp-8054-dev"
            }
          ],
          "store_path": "/nix/store/nvl2h7ncfhyh6rch35l015z0pmld7qg9-llama-cpp-8054"
        },
        "x86_64-linux": {
          "outputs": [
            {
              "name": "out",
              "path": "/nix/store/iflmgl4i76wf5iv4swkzkkvvn97xzbi9-llama-cpp-8054",
              "default": true
            },
            {
              "name": "dev",
              "path": "/nix/store/4in9xbnirsvyd2141ci3p2w3757i6jrd-llama-cpp-8054-dev"
            }
          ],
          "store_path": "/nix/store/iflmgl4i76wf5iv4swkzkkvvn97xzbi9-llama-cpp-8054"
        }
      }
    },
    "minikube@latest": {
      "last_modified": "2026-02-11T03:47:03Z",
      "resolved": "github:NixOS/nixpkgs/c05d2232d2feaa4c7a07f1168606917402868195#minikube",
      "source": "devbox-search",
      "version": "1.38.0",
      "systems": {
        "aarch64-darwin": {
          "outputs": [
            {
              "name": "out",
              "path": "/nix/store/k0lgv5c6by10k2d813rrxzlkpkih4ma8-minikube-1.38.0",
              "default": true
            }
          ],
          "store_path": "/nix/store/k0lgv5c6by10k2d813rrxzlkpkih4ma8-minikube-1.38.0"
        },
        "aarch64-linux": {
          "outputs": [
            {
              "name": "out",
              "path": "/nix/store/r1130w8iyf90f0ih63hy4hva7f1am98g-minikube-1.38.0",
              "default": true
            }
          ],
          "store_path": "/nix/store/r1130w8iyf90f0ih63hy4hva7f1am98g-minikube-1.38.0"
        },
        "x86_64-darwin": {
          "outputs": [
            {
              "name": "out",
              "path": "/nix/store/crcp30mqnbfz1973h5g938ylxz7dg083-minikube-1.38.0",
              "default": true
            }
          ],
          "store_path": "/nix/store/crcp30mqnbfz1973h5g938ylxz7dg083-minikube-1.38.0"
        },
        "x86_64-linux": {
          "outputs": [
            {
              "name": "out",
              "path": "/nix/store/c6knfvz0iwdg5c5254rkz6vq64nmvjaq-minikube-1.38.0",
              "default": true
            }
          ],
          "store_path": "/nix/store/c6knfvz0iwdg5c5254rkz6vq64nmvjaq-minikube-1.38.0"
        }
      }
    },
    "nodejs@latest": {
      "last_modified": "2026-02-11T21:01:36Z",
      "plugin_version": "0.0.2",
      "resolved": "github:NixOS/nixpkgs/2343bbb58f99267223bc2aac4fc9ea301a155a16#nodejs_25",
      "source": "devbox-search",
      "version": "25.6.1",
      "systems": {
        "aarch64-darwin": {
          "outputs": [
            {
              "name": "out",
              "path": "/nix/store/vgk6ggp7fpcpmb2bd1cw8fa7y28dg61n-nodejs-25.6.1",
              "default": true
            },
            {
              "name": "dev",
              "path": "/nix/store/46fvwwp6azfb8jsbgjljkqxwxii965iy-nodejs-25.6.1-dev"
            },
            {
              "name": "libv8",
              "path": "/nix/store/yzs2xnyb6ifm1klkmszv7kj52zgsxqaf-nodejs-25.6.1-libv8"
            }
          ],
          "store_path": "/nix/store/vgk6ggp7fpcpmb2bd1cw8fa7y28dg61n-nodejs-25.6.1"
        },
        "aarch64-linux": {
          "outputs": [
            {
              "name": "out",
              "path": "/nix/store/20azlpkcakhg9qj3p3f4mx50wwmfpkmr-nodejs-25.6.1",
              "default": true
            },
            {
              "name": "dev",
              "path": "/nix/store/1w3y5v72hwn4ab6bfwjf6jy7c3mfhsxm-nodejs-25.6.1-dev"
            },
            {
              "name": "libv8",
              "path": "/nix/store/rkypcfxqvks4fp62fy3idhn7sb65sxyc-nodejs-25.6.1-libv8"
            }
          ],
          "store_path": "/nix/store/20azlpkcakhg9qj3p3f4mx50wwmfpkmr-nodejs-25.6.1"
        },
        "x86_64-darwin": {
          "outputs": [
            {
              "name": "out",
              "path": "/nix/store/j6q14s986fdwzbrjf5ysv7k44wqblh3k-nodejs-25.6.1",
              "default": true
            },
            {
              "name": "dev",
              "path": "/nix/store/cfk24mvg8mpwdp2x94avyjplxv9vv1bm-nodejs-25.6.1-dev"
            },
            {
              "name": "libv8",
              "path": "/nix/store/4z338draskb9qpnb5w9vzfnilr7lkmg0-nodejs-25.6.1-libv8"
            }
          ],
          "store_path": "/nix/store/j6q14s986fdwzbrjf5ysv7k44wqblh3k-nodejs-25.6.1"
        },
        "x86_64-linux": {
          "outputs": [
            {
              "name": "out",
              "path": "/nix/store/6p88z6kk9bkvy0kb994bsc3cri5dwy0w-nodejs-25.6.1",
              "default": true
            },
            {
              "name": "dev",
              "path": "/nix/store/zg703v0kdlv7ngdirphhjvvbf3lndj4i-nodejs-25.6.1-dev"
            },
            {
              "name": "libv8",
              "path": "/nix/store/f4sdxxnkc208az6z8s6jw55xrhzw49wn-nodejs-25.6.1-libv8"
            }
          ],
          "store_path": "/nix/store/6p88z6kk9bkvy0kb994bsc3cri5dwy0w-nodejs-25.6.1"
        }
      }
    },
    "terraform@latest": {
      "last_modified": "2026-01-30T02:32:49Z",
      "resolved": "github:NixOS/nixpkgs/6308c3b21396534d8aaeac46179c14c439a89b8a#terraform",
      "source": "devbox-search",
      "version": "1.14.4",
      "systems": {
        "aarch64-darwin": {
          "outputs": [
            {
              "name": "out",
              "path": "/nix/store/y4q7lr5jkhdk3yzcv7xgyndszc8hm9sy-terraform-1.14.4",
              "default": true
            }
          ],
          "store_path": "/nix/store/y4q7lr5jkhdk3yzcv7xgyndszc8hm9sy-terraform-1.14.4"
        },
        "aarch64-linux": {
          "outputs": [
            {
              "name": "out",
              "path": "/nix/store/apv0hq2impwj1ik53zh9wx0mgvxfqxv7-terraform-1.14.4",
              "default": true
            }
          ],
          "store_path": "/nix/store/apv0hq2impwj1ik53zh9wx0mgvxfqxv7-terraform-1.14.4"
        },
        "x86_64-darwin": {
          "outputs": [
            {
              "name": "out",
              "path": "/nix/store/ljr2xvpqz7ac0n5bqk01qj3i6bpnkhgc-terraform-1.14.4",
              "default": true
            }
          ],
          "store_path": "/nix/store/ljr2xvpqz7ac0n5bqk01qj3i6bpnkhgc-terraform-1.14.4"
        },
        "x86_64-linux": {
          "outputs": [
            {
              "name": "out",
              "path": "/nix/store/9nw96rdpppxfy4qzw2xnplf39p7dpmsv-terraform-1.14.4",
              "default": true
            }
          ],
          "store_path": "/nix/store/9nw96rdpppxfy4qzw2xnplf39p7dpmsv-terraform-1.14.4"
        }
      }
    },
    "uv@latest": {
      "last_modified": "2026-02-11T12:16:34Z",
      "resolved": "github:NixOS/nixpkgs/8482c7ded03bae7550f3d69884f1e611e3bd19e8#uv",
      "source": "devbox-search",
      "version": "0.10.2",
      "systems": {
        "aarch64-darwin": {
          "outputs": [
            {
              "name": "out",
              "path": "/nix/store/3vhsffs1rr2vn84f41z8vm3lmya12ig3-uv-0.10.2",
              "default": true
            }
          ],
          "store_path": "/nix/store/3vhsffs1rr2vn84f41z8vm3lmya12ig3-uv-0.10.2"
        },
        "aarch64-linux": {
          "outputs": [
            {
              "name": "out",
              "path": "/nix/store/f7nhvja5sbfcgjcfpwd4zmdzl7f5m2h2-uv-0.10.2",
              "default": true
            }
          ],
          "store_path": "/nix/store/f7nhvja5sbfcgjcfpwd4zmdzl7f5m2h2-uv-0.10.2"
        },
        "x86_64-darwin": {
          "outputs": [
            {
              "name": "out",
              "path": "/nix/store/l4skdwvihbzynnihi5l44c38xcw3xaxh-uv-0.10.2",
              "default": true
            }
          ],
          "store_path": "/nix/store/l4skdwvihbzynnihi5l44c38xcw3xaxh-uv-0.10.2"
        },
        "x86_64-linux": {
          "outputs": [
            {
              "name": "out",
              "path": "/nix/store/ksi4jmfapiqnk1lclzlf2hrdj6s1rzjs-uv-0.10.2",
              "default": true
            }
          ],
          "store_path": "/nix/store/ksi4jmfapiqnk1lclzlf2hrdj6s1rzjs-uv-0.10.2"
        }
      }
    },
    "yarn@latest": {
      "last_modified": "2026-01-23T17:20:52Z",
      "resolved": "github:NixOS/nixpkgs/a1bab9e494f5f4939442a57a58d0449a109593fe#yarn",
      "source": "devbox-search",
      "version": "1.22.22",
      "systems": {
        "aarch64-darwin": {
          "outputs": [
            {
              "name": "out",
              "path": "/nix/store/0cd64z50gqis8fcvcixhifd3c093gxma-yarn-1.22.22",
              "default": true
            }
          ],
          "store_path": "/nix/store/0cd64z50gqis8fcvcixhifd3c093gxma-yarn-1.22.22"
        },
        "aarch64-linux": {
          "outputs": [
            {
              "name": "out",
              "path": "/nix/store/r26rphs7kpljdnshd1nci1g5qjw0ayn2-yarn-1.22.22",
              "default": true
            }
          ],
          "store_path": "/nix/store/r26rphs7kpljdnshd1nci1g5qjw0ayn2-yarn-1.22.22"
        },
        "x86_64-darwin": {
          "outputs": [
            {
              "name": "out",
              "path": "/nix/store/n78iwihflnr0c8bf0xyhvm6nivq0yng2-yarn-1.22.22",
              "default": true
            }
          ],
          "store_path": "/nix/store/n78iwihflnr0c8bf0xyhvm6nivq0yng2-yarn-1.22.22"
        },
        "x86_64-linux": {
          "outputs": [
            {
              "name": "out",
              "path": "/nix/store/5yc7qn8vaawl2v2gqd0rv2igir9wasg3-yarn-1.22.22",
              "default": true
            }
          ],
          "store_path": "/nix/store/5yc7qn8vaawl2v2gqd0rv2igir9wasg3-yarn-1.22.22"
        }
      }
    }
  }
}
